
Microsoft Visual Studio Solution File, Format Version 12.00
# Visual Studio Version 16
VisualStudioVersion = 16.0.29613.14
MinimumVisualStudioVersion = 10.0.40219.1
Project("{FAE04EC0-301F-11D3-BF4B-00C04F79EFBC}") = "Exercice2", "Exercice2\Exercice2.csproj", "{913ABEAF-DC54-44D7-BEF9-1826609F0C26}"
EndProject
Global
	GlobalSection(SolutionConfigurationPlatforms) = preSolution
		Debug|Any CPU = Debug|Any CPU
		Release|Any CPU = Release|Any CPU
	EndGlobalSection
	GlobalSection(ProjectConfigurationPlatforms) = postSolution
		{913ABEAF-DC54-44D7-BEF9-1826609F0C26}.Debug|Any CPU.ActiveCfg = Debug|Any CPU
		{913ABEAF-DC54-44D7-BEF9-1826609F0C26}.Debug|Any CPU.Build.0 = Debug|Any CPU
		{913ABEAF-DC54-44D7-BEF9-1826609F0C26}.Release|Any CPU.ActiveCfg = Release|Any CPU
		{913ABEAF-DC54-44D7-BEF9-1826609F0C26}.Release|Any CPU.Build.0 = Release|Any CPU
	EndGlobalSection
	GlobalSection(SolutionProperties) = preSolution
		HideSolutionNode = FALSE
	EndGlobalSection
	GlobalSection(ExtensibilityGlobals) = postSolution
		SolutionGuid = {52431B10-B878-4866-B017-165B01147025}
	EndGlobalSection
EndGlobal
